
Microsoft Visual Studio Solution File, Format Version 12.00
# Visual Studio Version 17
VisualStudioVersion = 17.3.32901.215
MinimumVisualStudioVersion = 10.0.40219.1
Project("{9A19103F-16F7-4668-BE54-9A1E7A4F7556}") = "HttpServer2", "HttpServer2\HttpServer2.csproj", "{20BC0E32-2D8C-4BEB-B47A-DF9221CD6D56}"
EndProject
Global
	GlobalSection(SolutionConfigurationPlatforms) = preSolution
		Debug|Any CPU = Debug|Any CPU
		Release|Any CPU = Release|Any CPU
	EndGlobalSection
	GlobalSection(ProjectConfigurationPlatforms) = postSolution
		{20BC0E32-2D8C-4BEB-B47A-DF9221CD6D56}.Debug|Any CPU.ActiveCfg = Debug|Any CPU
		{20BC0E32-2D8C-4BEB-B47A-DF9221CD6D56}.Debug|Any CPU.Build.0 = Debug|Any CPU
		{20BC0E32-2D8C-4BEB-B47A-DF9221CD6D56}.Release|Any CPU.ActiveCfg = Release|Any CPU
		{20BC0E32-2D8C-4BEB-B47A-DF9221CD6D56}.Release|Any CPU.Build.0 = Release|Any CPU
	EndGlobalSection
	GlobalSection(SolutionProperties) = preSolution
		HideSolutionNode = FALSE
	EndGlobalSection
	GlobalSection(ExtensibilityGlobals) = postSolution
		SolutionGuid = {3E95C464-1EA5-4671-B88E-CFB65B7F06CC}
	EndGlobalSection
EndGlobal
